
Microsoft Visual Studio Solution File, Format Version 12.00
# Visual Studio Version 16
VisualStudioVersion = 16.0.30011.22
MinimumVisualStudioVersion = 10.0.40219.1
Project("{FAE04EC0-301F-11D3-BF4B-00C04F79EFBC}") = "Facade.Api", "Facade.Api.csproj", "{5EDA886A-5FF8-473E-9F1D-6C185E13E1ED}"
EndProject
Project("{E53339B2-1760-4266-BCC7-CA923CBCF16C}") = "docker-compose", "docker-compose.dcproj", "{647A002D-6D79-4864-917B-842C6B9E4059}"
EndProject
Global
	GlobalSection(SolutionConfigurationPlatforms) = preSolution
		Debug|Any CPU = Debug|Any CPU
		Release|Any CPU = Release|Any CPU
	EndGlobalSection
	GlobalSection(ProjectConfigurationPlatforms) = postSolution
		{5EDA886A-5FF8-473E-9F1D-6C185E13E1ED}.Debug|Any CPU.ActiveCfg = Debug|Any CPU
		{5EDA886A-5FF8-473E-9F1D-6C185E13E1ED}.Debug|Any CPU.Build.0 = Debug|Any CPU
		{5EDA886A-5FF8-473E-9F1D-6C185E13E1ED}.Release|Any CPU.ActiveCfg = Release|Any CPU
		{5EDA886A-5FF8-473E-9F1D-6C185E13E1ED}.Release|Any CPU.Build.0 = Release|Any CPU
		{647A002D-6D79-4864-917B-842C6B9E4059}.Debug|Any CPU.ActiveCfg = Debug|Any CPU
		{647A002D-6D79-4864-917B-842C6B9E4059}.Debug|Any CPU.Build.0 = Debug|Any CPU
		{647A002D-6D79-4864-917B-842C6B9E4059}.Release|Any CPU.ActiveCfg = Release|Any CPU
		{647A002D-6D79-4864-917B-842C6B9E4059}.Release|Any CPU.Build.0 = Release|Any CPU
	EndGlobalSection
	GlobalSection(SolutionProperties) = preSolution
		HideSolutionNode = FALSE
	EndGlobalSection
	GlobalSection(ExtensibilityGlobals) = postSolution
		SolutionGuid = {AA2ECB39-B2D9-4673-B51A-14AD8146FF65}
	EndGlobalSection
EndGlobal
